
Microsoft Visual Studio Solution File, Format Version 12.00
# Visual Studio Version 17
VisualStudioVersion = 17.4.33110.190
MinimumVisualStudioVersion = 10.0.40219.1
Project("{9A19103F-16F7-4668-BE54-9A1E7A4F7556}") = "TrackerLibrary", "TrackerLibrary\TrackerLibrary.csproj", "{F6D72899-B119-4630-A962-C89977A3E9CE}"
EndProject
Project("{FAE04EC0-301F-11D3-BF4B-00C04F79EFBC}") = "TrackerUI", "TrackerUI\TrackerUI.csproj", "{03FFC38A-868B-40C8-B162-CF118BE08B7E}"
EndProject
Global
	GlobalSection(SolutionConfigurationPlatforms) = preSolution
		Debug|Any CPU = Debug|Any CPU
		Release|Any CPU = Release|Any CPU
	EndGlobalSection
	GlobalSection(ProjectConfigurationPlatforms) = postSolution
		{F6D72899-B119-4630-A962-C89977A3E9CE}.Debug|Any CPU.ActiveCfg = Debug|Any CPU
		{F6D72899-B119-4630-A962-C89977A3E9CE}.Debug|Any CPU.Build.0 = Debug|Any CPU
		{F6D72899-B119-4630-A962-C89977A3E9CE}.Release|Any CPU.ActiveCfg = Release|Any CPU
		{F6D72899-B119-4630-A962-C89977A3E9CE}.Release|Any CPU.Build.0 = Release|Any CPU
		{03FFC38A-868B-40C8-B162-CF118BE08B7E}.Debug|Any CPU.ActiveCfg = Debug|Any CPU
		{03FFC38A-868B-40C8-B162-CF118BE08B7E}.Debug|Any CPU.Build.0 = Debug|Any CPU
		{03FFC38A-868B-40C8-B162-CF118BE08B7E}.Release|Any CPU.ActiveCfg = Release|Any CPU
		{03FFC38A-868B-40C8-B162-CF118BE08B7E}.Release|Any CPU.Build.0 = Release|Any CPU
	EndGlobalSection
	GlobalSection(SolutionProperties) = preSolution
		HideSolutionNode = FALSE
	EndGlobalSection
	GlobalSection(ExtensibilityGlobals) = postSolution
		SolutionGuid = {3F27B357-B8E5-4C99-9CF7-0720CB7C6279}
	EndGlobalSection
EndGlobal
